github.com/jidicula/go-gamco v0.3.1 h1:gEEzO6sAK/8RIz/qzkRWRpzesaTFqiUdKD5wHL0QECo=
github.com/jidicula/go-gamco v0.3.1/go.mod h1:cySBGyQjfsHuocqOqjC7fnZpAIKoIP4p3sVlJqC4o+M=
github.com/tonymackay/go-yahoo-finance v1.0.1 h1:U68Q4iHs2ZhIigXqJ6M8HiwoeQRnX4g22wen6fqVf78=
github.com/tonymackay/go-yahoo-finance v1.0.1/go.mod h1:75DpqzuIerty1u/qiOkRYUmuVer2AHcYwqA4/7NIgw4=
